
Microsoft Visual Studio Solution File, Format Version 12.00
# Visual Studio Version 16
VisualStudioVersion = 16.0.30711.63
MinimumVisualStudioVersion = 10.0.40219.1
Project("{9A19103F-16F7-4668-BE54-9A1E7A4F7556}") = "MinerMonitor", "MinerMonitor\MinerMonitor.csproj", "{3BD52E3C-D9E9-447A-A00A-5059045C59CA}"
EndProject
Project("{FAE04EC0-301F-11D3-BF4B-00C04F79EFBC}") = "TestApp", "TestApp\TestApp.csproj", "{2F9AFF8F-8829-4A8F-9E99-F3A467BDD460}"
EndProject
Global
	GlobalSection(SolutionConfigurationPlatforms) = preSolution
		Debug|Any CPU = Debug|Any CPU
		Release|Any CPU = Release|Any CPU
	EndGlobalSection
	GlobalSection(ProjectConfigurationPlatforms) = postSolution
		{3BD52E3C-D9E9-447A-A00A-5059045C59CA}.Debug|Any CPU.ActiveCfg = Debug|Any CPU
		{3BD52E3C-D9E9-447A-A00A-5059045C59CA}.Debug|Any CPU.Build.0 = Debug|Any CPU
		{3BD52E3C-D9E9-447A-A00A-5059045C59CA}.Release|Any CPU.ActiveCfg = Release|Any CPU
		{3BD52E3C-D9E9-447A-A00A-5059045C59CA}.Release|Any CPU.Build.0 = Release|Any CPU
		{2F9AFF8F-8829-4A8F-9E99-F3A467BDD460}.Debug|Any CPU.ActiveCfg = Debug|Any CPU
		{2F9AFF8F-8829-4A8F-9E99-F3A467BDD460}.Debug|Any CPU.Build.0 = Debug|Any CPU
		{2F9AFF8F-8829-4A8F-9E99-F3A467BDD460}.Release|Any CPU.ActiveCfg = Release|Any CPU
		{2F9AFF8F-8829-4A8F-9E99-F3A467BDD460}.Release|Any CPU.Build.0 = Release|Any CPU
	EndGlobalSection
	GlobalSection(SolutionProperties) = preSolution
		HideSolutionNode = FALSE
	EndGlobalSection
	GlobalSection(ExtensibilityGlobals) = postSolution
		SolutionGuid = {48D20697-4343-43F9-8841-C390E40D7545}
	EndGlobalSection
EndGlobal
